
Microsoft Visual Studio Solution File, Format Version 12.00
# Visual Studio Version 16
VisualStudioVersion = 16.0.30128.74
MinimumVisualStudioVersion = 10.0.40219.1
Project("{8BC9CEB8-8B4A-11D0-8D11-00A0C91BC942}") = "winselect", "winselect.vcxproj", "{BE821728-2B20-48C6-90DB-6D60A7A6E9A4}"
EndProject
Global
	GlobalSection(SolutionConfigurationPlatforms) = preSolution
		Debug|x64 = Debug|x64
		Debug|x86 = Debug|x86
		Release|x64 = Release|x64
		Release|x86 = Release|x86
	EndGlobalSection
	GlobalSection(ProjectConfigurationPlatforms) = postSolution
		{BE821728-2B20-48C6-90DB-6D60A7A6E9A4}.Debug|x64.ActiveCfg = Debug|x64
		{BE821728-2B20-48C6-90DB-6D60A7A6E9A4}.Debug|x64.Build.0 = Debug|x64
		{BE821728-2B20-48C6-90DB-6D60A7A6E9A4}.Debug|x86.ActiveCfg = Debug|Win32
		{BE821728-2B20-48C6-90DB-6D60A7A6E9A4}.Debug|x86.Build.0 = Debug|Win32
		{BE821728-2B20-48C6-90DB-6D60A7A6E9A4}.Release|x64.ActiveCfg = Release|x64
		{BE821728-2B20-48C6-90DB-6D60A7A6E9A4}.Release|x64.Build.0 = Release|x64
		{BE821728-2B20-48C6-90DB-6D60A7A6E9A4}.Release|x86.ActiveCfg = Release|Win32
		{BE821728-2B20-48C6-90DB-6D60A7A6E9A4}.Release|x86.Build.0 = Release|Win32
	EndGlobalSection
	GlobalSection(SolutionProperties) = preSolution
		HideSolutionNode = FALSE
	EndGlobalSection
	GlobalSection(ExtensibilityGlobals) = postSolution
		SolutionGuid = {83133361-A916-4B12-B5E5-3DB8FC346940}
	EndGlobalSection
EndGlobal
